{
  "name": "team-93_anime-lib",
  "lockfileVersion": 2,
  "requires": true,
  "packages": {
    "": {
      "dependencies": {
        "zuri-anim8": "^1.0.5"
      }
    },
    "node_modules/zuri-anim8": {
      "version": "1.0.5",
      "resolved": "https://registry.npmjs.org/zuri-anim8/-/zuri-anim8-1.0.5.tgz",
      "integrity": "sha512-CXmVDs29ThO2mfNSzNxEogeHlyvFoKHEKPvYzALnpwNOOXG7KLT0RL/Y/JeUB7wbg7stkLXXNNGYuBFMNKmuSQ=="
    }
  },
  "dependencies": {
    "zuri-anim8": {
      "version": "1.0.5",
      "resolved": "https://registry.npmjs.org/zuri-anim8/-/zuri-anim8-1.0.5.tgz",
      "integrity": "sha512-CXmVDs29ThO2mfNSzNxEogeHlyvFoKHEKPvYzALnpwNOOXG7KLT0RL/Y/JeUB7wbg7stkLXXNNGYuBFMNKmuSQ=="
    }
  }
}
